// !$*UTF8*$!
{
	archiveVersion = 1;
	classes = {
	};
	objectVersion = 55;
	objects = {

/* Begin PBXBuildFile section */
		B7D80D462822385C0056BE1B /* AppDelegate.swift in Sources */ = {isa = PBXBuildFile; fileRef = B7D80D452822385C0056BE1B /* AppDelegate.swift */; };
		B7D80D482822385C0056BE1B /* SceneDelegate.swift in Sources */ = {isa = PBXBuildFile; fileRef = B7D80D472822385C0056BE1B /* SceneDelegate.swift */; };
		B7D80D4D2822385C0056BE1B /* Main.storyboard in Resources */ = {isa = PBXBuildFile; fileRef = B7D80D4B2822385C0056BE1B /* Main.storyboard */; };
		B7D80D4F2822385F0056BE1B /* Assets.xcassets in Resources */ = {isa = PBXBuildFile; fileRef = B7D80D4E2822385F0056BE1B /* Assets.xcassets */; };
		B7D80D522822385F0056BE1B /* LaunchScreen.storyboard in Resources */ = {isa = PBXBuildFile; fileRef = B7D80D502822385F0056BE1B /* LaunchScreen.storyboard */; };
		B7D80D5C28264E800056BE1B /* StartupViewController.swift in Sources */ = {isa = PBXBuildFile; fileRef = B7D80D5B28264E800056BE1B /* StartupViewController.swift */; };
		B7D80D682826FC850056BE1B /* RedHatMono-Light.ttf in Resources */ = {isa = PBXBuildFile; fileRef = B7D80D5E2826FC850056BE1B /* RedHatMono-Light.ttf */; };
		B7D80D692826FC850056BE1B /* RedHatMono-Regular.ttf in Resources */ = {isa = PBXBuildFile; fileRef = B7D80D5F2826FC850056BE1B /* RedHatMono-Regular.ttf */; };
		B7D80D6A2826FC850056BE1B /* RedHatMono-Bold.ttf in Resources */ = {isa = PBXBuildFile; fileRef = B7D80D602826FC850056BE1B /* RedHatMono-Bold.ttf */; };
		B7D80D6B2826FC850056BE1B /* RedHatMono-SemiBold.ttf in Resources */ = {isa = PBXBuildFile; fileRef = B7D80D612826FC850056BE1B /* RedHatMono-SemiBold.ttf */; };
		B7D80D6C2826FC850056BE1B /* RedHatMono-Italic.ttf in Resources */ = {isa = PBXBuildFile; fileRef = B7D80D622826FC850056BE1B /* RedHatMono-Italic.ttf */; };
		B7D80D6D2826FC850056BE1B /* RedHatMono-BoldItalic.ttf in Resources */ = {isa = PBXBuildFile; fileRef = B7D80D632826FC850056BE1B /* RedHatMono-BoldItalic.ttf */; };
		B7D80D6E2826FC850056BE1B /* RedHatMono-LightItalic.ttf in Resources */ = {isa = PBXBuildFile; fileRef = B7D80D642826FC850056BE1B /* RedHatMono-LightItalic.ttf */; };
		B7D80D6F2826FC850056BE1B /* RedHatMono-MediumItalic.ttf in Resources */ = {isa = PBXBuildFile; fileRef = B7D80D652826FC850056BE1B /* RedHatMono-MediumItalic.ttf */; };
		B7D80D702826FC850056BE1B /* RedHatMono-SemiBoldItalic.ttf in Resources */ = {isa = PBXBuildFile; fileRef = B7D80D662826FC850056BE1B /* RedHatMono-SemiBoldItalic.ttf */; };
		B7D80D712826FC850056BE1B /* RedHatMono-Medium.ttf in Resources */ = {isa = PBXBuildFile; fileRef = B7D80D672826FC850056BE1B /* RedHatMono-Medium.ttf */; };
		B7D80D74282703A20056BE1B /* nameViewController.swift in Sources */ = {isa = PBXBuildFile; fileRef = B7D80D73282703A20056BE1B /* nameViewController.swift */; };
		B7D80D7728270C710056BE1B /* vehicleInfoViewController.swift in Sources */ = {isa = PBXBuildFile; fileRef = B7D80D7628270C710056BE1B /* vehicleInfoViewController.swift */; };
		B7D80D7A2827889F0056BE1B /* mainScreenViewController.swift in Sources */ = {isa = PBXBuildFile; fileRef = B7D80D792827889F0056BE1B /* mainScreenViewController.swift */; };
		B7D80D7C282861A00056BE1B /* responseStruct.swift in Sources */ = {isa = PBXBuildFile; fileRef = B7D80D7B282861A00056BE1B /* responseStruct.swift */; };
		B7D80D7E2829D21F0056BE1B /* responsesStruct.swift in Sources */ = {isa = PBXBuildFile; fileRef = B7D80D7D2829D21F0056BE1B /* responsesStruct.swift */; };
		B7D80D80282A1E540056BE1B /* responseMini.swift in Sources */ = {isa = PBXBuildFile; fileRef = B7D80D7F282A1E540056BE1B /* responseMini.swift */; };
		B7D80D83282AB90C0056BE1B /* weather.swift in Sources */ = {isa = PBXBuildFile; fileRef = B7D80D82282AB90C0056BE1B /* weather.swift */; };
		B7D80D85282AB93D0056BE1B /* internals.swift in Sources */ = {isa = PBXBuildFile; fileRef = B7D80D84282AB93D0056BE1B /* internals.swift */; };
		B7D80D88282B4BBB0056BE1B /* addTollViewController.swift in Sources */ = {isa = PBXBuildFile; fileRef = B7D80D87282B4BBB0056BE1B /* addTollViewController.swift */; };
/* End PBXBuildFile section */

/* Begin PBXFileReference section */
		B7D80D422822385C0056BE1B /* Capture.app */ = {isa = PBXFileReference; explicitFileType = wrapper.application; includeInIndex = 0; path = Capture.app; sourceTree = BUILT_PRODUCTS_DIR; };
		B7D80D452822385C0056BE1B /* AppDelegate.swift */ = {isa = PBXFileReference; lastKnownFileType = sourcecode.swift; path = AppDelegate.swift; sourceTree = "<group>"; };
		B7D80D472822385C0056BE1B /* SceneDelegate.swift */ = {isa = PBXFileReference; lastKnownFileType = sourcecode.swift; path = SceneDelegate.swift; sourceTree = "<group>"; };
		B7D80D4C2822385C0056BE1B /* Base */ = {isa = PBXFileReference; lastKnownFileType = file.storyboard; name = Base; path = Base.lproj/Main.storyboard; sourceTree = "<group>"; };
		B7D80D4E2822385F0056BE1B /* Assets.xcassets */ = {isa = PBXFileReference; lastKnownFileType = folder.assetcatalog; path = Assets.xcassets; sourceTree = "<group>"; };
		B7D80D512822385F0056BE1B /* Base */ = {isa = PBXFileReference; lastKnownFileType = file.storyboard; name = Base; path = Base.lproj/LaunchScreen.storyboard; sourceTree = "<group>"; };
		B7D80D532822385F0056BE1B /* Info.plist */ = {isa = PBXFileReference; lastKnownFileType = text.plist.xml; path = Info.plist; sourceTree = "<group>"; };
		B7D80D5B28264E800056BE1B /* StartupViewController.swift */ = {isa = PBXFileReference; lastKnownFileType = sourcecode.swift; path = StartupViewController.swift; sourceTree = "<group>"; };
		B7D80D5E2826FC850056BE1B /* RedHatMono-Light.ttf */ = {isa = PBXFileReference; lastKnownFileType = file; path = "RedHatMono-Light.ttf"; sourceTree = "<group>"; };
		B7D80D5F2826FC850056BE1B /* RedHatMono-Regular.ttf */ = {isa = PBXFileReference; lastKnownFileType = file; path = "RedHatMono-Regular.ttf"; sourceTree = "<group>"; };
		B7D80D602826FC850056BE1B /* RedHatMono-Bold.ttf */ = {isa = PBXFileReference; lastKnownFileType = file; path = "RedHatMono-Bold.ttf"; sourceTree = "<group>"; };
		B7D80D612826FC850056BE1B /* RedHatMono-SemiBold.ttf */ = {isa = PBXFileReference; lastKnownFileType = file; path = "RedHatMono-SemiBold.ttf"; sourceTree = "<group>"; };
		B7D80D622826FC850056BE1B /* RedHatMono-Italic.ttf */ = {isa = PBXFileReference; lastKnownFileType = file; path = "RedHatMono-Italic.ttf"; sourceTree = "<group>"; };
		B7D80D632826FC850056BE1B /* RedHatMono-BoldItalic.ttf */ = {isa = PBXFileReference; lastKnownFileType = file; path = "RedHatMono-BoldItalic.ttf"; sourceTree = "<group>"; };
		B7D80D642826FC850056BE1B /* RedHatMono-LightItalic.ttf */ = {isa = PBXFileReference; lastKnownFileType = file; path = "RedHatMono-LightItalic.ttf"; sourceTree = "<group>"; };
		B7D80D652826FC850056BE1B /* RedHatMono-MediumItalic.ttf */ = {isa = PBXFileReference; lastKnownFileType = file; path = "RedHatMono-MediumItalic.ttf"; sourceTree = "<group>"; };
		B7D80D662826FC850056BE1B /* RedHatMono-SemiBoldItalic.ttf */ = {isa = PBXFileReference; lastKnownFileType = file; path = "RedHatMono-SemiBoldItalic.ttf"; sourceTree = "<group>"; };
		B7D80D672826FC850056BE1B /* RedHatMono-Medium.ttf */ = {isa = PBXFileReference; lastKnownFileType = file; path = "RedHatMono-Medium.ttf"; sourceTree = "<group>"; };
		B7D80D73282703A20056BE1B /* nameViewController.swift */ = {isa = PBXFileReference; lastKnownFileType = sourcecode.swift; path = nameViewController.swift; sourceTree = "<group>"; };
		B7D80D7628270C710056BE1B /* vehicleInfoViewController.swift */ = {isa = PBXFileReference; lastKnownFileType = sourcecode.swift; path = vehicleInfoViewController.swift; sourceTree = "<group>"; };
		B7D80D792827889F0056BE1B /* mainScreenViewController.swift */ = {isa = PBXFileReference; lastKnownFileType = sourcecode.swift; path = mainScreenViewController.swift; sourceTree = "<group>"; };
		B7D80D7B282861A00056BE1B /* responseStruct.swift */ = {isa = PBXFileReference; lastKnownFileType = sourcecode.swift; name = responseStruct.swift; path = Capture/Screens/responseStruct.swift; sourceTree = SOURCE_ROOT; };
		B7D80D7D2829D21F0056BE1B /* responsesStruct.swift */ = {isa = PBXFileReference; lastKnownFileType = sourcecode.swift; path = responsesStruct.swift; sourceTree = "<group>"; };
		B7D80D7F282A1E540056BE1B /* responseMini.swift */ = {isa = PBXFileReference; lastKnownFileType = sourcecode.swift; path = responseMini.swift; sourceTree = "<group>"; };
		B7D80D82282AB90C0056BE1B /* weather.swift */ = {isa = PBXFileReference; lastKnownFileType = sourcecode.swift; path = weather.swift; sourceTree = "<group>"; };
		B7D80D84282AB93D0056BE1B /* internals.swift */ = {isa = PBXFileReference; lastKnownFileType = sourcecode.swift; path = internals.swift; sourceTree = "<group>"; };
		B7D80D87282B4BBB0056BE1B /* addTollViewController.swift */ = {isa = PBXFileReference; lastKnownFileType = sourcecode.swift; path = addTollViewController.swift; sourceTree = "<group>"; };
/* End PBXFileReference section */

/* Begin PBXFrameworksBuildPhase section */
		B7D80D3F2822385C0056BE1B /* Frameworks */ = {
			isa = PBXFrameworksBuildPhase;
			buildActionMask = 2147483647;
			files = (
			);
			runOnlyForDeploymentPostprocessing = 0;
		};
/* End PBXFrameworksBuildPhase section */

/* Begin PBXGroup section */
		B7D80D392822385C0056BE1B = {
			isa = PBXGroup;
			children = (
				B7D80D442822385C0056BE1B /* Capture */,
				B7D80D432822385C0056BE1B /* Products */,
			);
			sourceTree = "<group>";
		};
		B7D80D432822385C0056BE1B /* Products */ = {
			isa = PBXGroup;
			children = (
				B7D80D422822385C0056BE1B /* Capture.app */,
			);
			name = Products;
			sourceTree = "<group>";
		};
		B7D80D442822385C0056BE1B /* Capture */ = {
			isa = PBXGroup;
			children = (
				B7D80D81282A29CC0056BE1B /* Images */,
				B7D80D5D2826FC850056BE1B /* fonts */,
				B7D80D5928264DA40056BE1B /* Screens */,
				B7D80D452822385C0056BE1B /* AppDelegate.swift */,
				B7D80D472822385C0056BE1B /* SceneDelegate.swift */,
				B7D80D4B2822385C0056BE1B /* Main.storyboard */,
				B7D80D4E2822385F0056BE1B /* Assets.xcassets */,
				B7D80D502822385F0056BE1B /* LaunchScreen.storyboard */,
				B7D80D532822385F0056BE1B /* Info.plist */,
			);
			path = Capture;
			sourceTree = "<group>";
		};
		B7D80D5928264DA40056BE1B /* Screens */ = {
			isa = PBXGroup;
			children = (
				B7D80D86282B4BA30056BE1B /* addTollScreen */,
				B7D80D782827887E0056BE1B /* mainScreen */,
				B7D80D7528270C580056BE1B /* vehicleInfo */,
				B7D80D72282703050056BE1B /* name */,
				B7D80D5A28264E2E0056BE1B /* startup */,
			);
			path = Screens;
			sourceTree = "<group>";
		};
		B7D80D5A28264E2E0056BE1B /* startup */ = {
			isa = PBXGroup;
			children = (
				B7D80D5B28264E800056BE1B /* StartupViewController.swift */,
			);
			path = startup;
			sourceTree = "<group>";
		};
		B7D80D5D2826FC850056BE1B /* fonts */ = {
			isa = PBXGroup;
			children = (
				B7D80D5E2826FC850056BE1B /* RedHatMono-Light.ttf */,
				B7D80D5F2826FC850056BE1B /* RedHatMono-Regular.ttf */,
				B7D80D602826FC850056BE1B /* RedHatMono-Bold.ttf */,
				B7D80D612826FC850056BE1B /* RedHatMono-SemiBold.ttf */,
				B7D80D622826FC850056BE1B /* RedHatMono-Italic.ttf */,
				B7D80D632826FC850056BE1B /* RedHatMono-BoldItalic.ttf */,
				B7D80D642826FC850056BE1B /* RedHatMono-LightItalic.ttf */,
				B7D80D652826FC850056BE1B /* RedHatMono-MediumItalic.ttf */,
				B7D80D662826FC850056BE1B /* RedHatMono-SemiBoldItalic.ttf */,
				B7D80D672826FC850056BE1B /* RedHatMono-Medium.ttf */,
			);
			path = fonts;
			sourceTree = "<group>";
		};
		B7D80D72282703050056BE1B /* name */ = {
			isa = PBXGroup;
			children = (
				B7D80D73282703A20056BE1B /* nameViewController.swift */,
			);
			path = name;
			sourceTree = "<group>";
		};
		B7D80D7528270C580056BE1B /* vehicleInfo */ = {
			isa = PBXGroup;
			children = (
				B7D80D7628270C710056BE1B /* vehicleInfoViewController.swift */,
			);
			path = vehicleInfo;
			sourceTree = "<group>";
		};
		B7D80D782827887E0056BE1B /* mainScreen */ = {
			isa = PBXGroup;
			children = (
				B7D80D7B282861A00056BE1B /* responseStruct.swift */,
				B7D80D7F282A1E540056BE1B /* responseMini.swift */,
				B7D80D7D2829D21F0056BE1B /* responsesStruct.swift */,
				B7D80D792827889F0056BE1B /* mainScreenViewController.swift */,
				B7D80D82282AB90C0056BE1B /* weather.swift */,
				B7D80D84282AB93D0056BE1B /* internals.swift */,
			);
			path = mainScreen;
			sourceTree = "<group>";
		};
		B7D80D81282A29CC0056BE1B /* Images */ = {
			isa = PBXGroup;
			children = (
			);
			path = Images;
			sourceTree = "<group>";
		};
		B7D80D86282B4BA30056BE1B /* addTollScreen */ = {
			isa = PBXGroup;
			children = (
				B7D80D87282B4BBB0056BE1B /* addTollViewController.swift */,
			);
			path = addTollScreen;
			sourceTree = "<group>";
		};
/* End PBXGroup section */

/* Begin PBXNativeTarget section */
		B7D80D412822385C0056BE1B /* Capture */ = {
			isa = PBXNativeTarget;
			buildConfigurationList = B7D80D562822385F0056BE1B /* Build configuration list for PBXNativeTarget "Capture" */;
			buildPhases = (
				B7D80D3E2822385C0056BE1B /* Sources */,
				B7D80D3F2822385C0056BE1B /* Frameworks */,
				B7D80D402822385C0056BE1B /* Resources */,
			);
			buildRules = (
			);
			dependencies = (
			);
			name = Capture;
			productName = Capture;
			productReference = B7D80D422822385C0056BE1B /* Capture.app */;
			productType = "com.apple.product-type.application";
		};
/* End PBXNativeTarget section */

/* Begin PBXProject section */
		B7D80D3A2822385C0056BE1B /* Project object */ = {
			isa = PBXProject;
			attributes = {
				BuildIndependentTargetsInParallel = 1;
				LastSwiftUpdateCheck = 1330;
				LastUpgradeCheck = 1330;
				TargetAttributes = {
					B7D80D412822385C0056BE1B = {
						CreatedOnToolsVersion = 13.3;
					};
				};
			};
			buildConfigurationList = B7D80D3D2822385C0056BE1B /* Build configuration list for PBXProject "Capture" */;
			compatibilityVersion = "Xcode 13.0";
			developmentRegion = en;
			hasScannedForEncodings = 0;
			knownRegions = (
				en,
				Base,
			);
			mainGroup = B7D80D392822385C0056BE1B;
			productRefGroup = B7D80D432822385C0056BE1B /* Products */;
			projectDirPath = "";
			projectRoot = "";
			targets = (
				B7D80D412822385C0056BE1B /* Capture */,
			);
		};
/* End PBXProject section */

/* Begin PBXResourcesBuildPhase section */
		B7D80D402822385C0056BE1B /* Resources */ = {
			isa = PBXResourcesBuildPhase;
			buildActionMask = 2147483647;
			files = (
				B7D80D702826FC850056BE1B /* RedHatMono-SemiBoldItalic.ttf in Resources */,
				B7D80D6B2826FC850056BE1B /* RedHatMono-SemiBold.ttf in Resources */,
				B7D80D522822385F0056BE1B /* LaunchScreen.storyboard in Resources */,
				B7D80D6F2826FC850056BE1B /* RedHatMono-MediumItalic.ttf in Resources */,
				B7D80D4F2822385F0056BE1B /* Assets.xcassets in Resources */,
				B7D80D712826FC850056BE1B /* RedHatMono-Medium.ttf in Resources */,
				B7D80D6D2826FC850056BE1B /* RedHatMono-BoldItalic.ttf in Resources */,
				B7D80D6E2826FC850056BE1B /* RedHatMono-LightItalic.ttf in Resources */,
				B7D80D682826FC850056BE1B /* RedHatMono-Light.ttf in Resources */,
				B7D80D692826FC850056BE1B /* RedHatMono-Regular.ttf in Resources */,
				B7D80D6C2826FC850056BE1B /* RedHatMono-Italic.ttf in Resources */,
				B7D80D6A2826FC850056BE1B /* RedHatMono-Bold.ttf in Resources */,
				B7D80D4D2822385C0056BE1B /* Main.storyboard in Resources */,
			);
			runOnlyForDeploymentPostprocessing = 0;
		};
/* End PBXResourcesBuildPhase section */

/* Begin PBXSourcesBuildPhase section */
		B7D80D3E2822385C0056BE1B /* Sources */ = {
			isa = PBXSourcesBuildPhase;
			buildActionMask = 2147483647;
			files = (
				B7D80D83282AB90C0056BE1B /* weather.swift in Sources */,
				B7D80D5C28264E800056BE1B /* StartupViewController.swift in Sources */,
				B7D80D80282A1E540056BE1B /* responseMini.swift in Sources */,
				B7D80D7A2827889F0056BE1B /* mainScreenViewController.swift in Sources */,
				B7D80D462822385C0056BE1B /* AppDelegate.swift in Sources */,
				B7D80D7C282861A00056BE1B /* responseStruct.swift in Sources */,
				B7D80D88282B4BBB0056BE1B /* addTollViewController.swift in Sources */,
				B7D80D7728270C710056BE1B /* vehicleInfoViewController.swift in Sources */,
				B7D80D482822385C0056BE1B /* SceneDelegate.swift in Sources */,
				B7D80D74282703A20056BE1B /* nameViewController.swift in Sources */,
				B7D80D7E2829D21F0056BE1B /* responsesStruct.swift in Sources */,
				B7D80D85282AB93D0056BE1B /* internals.swift in Sources */,
			);
			runOnlyForDeploymentPostprocessing = 0;
		};
/* End PBXSourcesBuildPhase section */

/* Begin PBXVariantGroup section */
		B7D80D4B2822385C0056BE1B /* Main.storyboard */ = {
			isa = PBXVariantGroup;
			children = (
				B7D80D4C2822385C0056BE1B /* Base */,
			);
			name = Main.storyboard;
			sourceTree = "<group>";
		};
		B7D80D502822385F0056BE1B /* LaunchScreen.storyboard */ = {
			isa = PBXVariantGroup;
			children = (
				B7D80D512822385F0056BE1B /* Base */,
			);
			name = LaunchScreen.storyboard;
			sourceTree = "<group>";
		};
/* End PBXVariantGroup section */

/* Begin XCBuildConfiguration section */
		B7D80D542822385F0056BE1B /* Debug */ = {
			isa = XCBuildConfiguration;
			buildSettings = {
				ALWAYS_SEARCH_USER_PATHS = NO;
				CLANG_ANALYZER_NONNULL = YES;
				CLANG_ANALYZER_NUMBER_OBJECT_CONVERSION = YES_AGGRESSIVE;
				CLANG_CXX_LANGUAGE_STANDARD = "gnu++17";
				CLANG_ENABLE_MODULES = YES;
				CLANG_ENABLE_OBJC_ARC = YES;
				CLANG_ENABLE_OBJC_WEAK = YES;
				CLANG_WARN_BLOCK_CAPTURE_AUTORELEASING = YES;
				CLANG_WARN_BOOL_CONVERSION = YES;
				CLANG_WARN_COMMA = YES;
				CLANG_WARN_CONSTANT_CONVERSION = YES;
				CLANG_WARN_DEPRECATED_OBJC_IMPLEMENTATIONS = YES;
				CLANG_WARN_DIRECT_OBJC_ISA_USAGE = YES_ERROR;
				CLANG_WARN_DOCUMENTATION_COMMENTS = YES;
				CLANG_WARN_EMPTY_BODY = YES;
				CLANG_WARN_ENUM_CONVERSION = YES;
				CLANG_WARN_INFINITE_RECURSION = YES;
				CLANG_WARN_INT_CONVERSION = YES;
				CLANG_WARN_NON_LITERAL_NULL_CONVERSION = YES;
				CLANG_WARN_OBJC_IMPLICIT_RETAIN_SELF = YES;
				CLANG_WARN_OBJC_LITERAL_CONVERSION = YES;
				CLANG_WARN_OBJC_ROOT_CLASS = YES_ERROR;
				CLANG_WARN_QUOTED_INCLUDE_IN_FRAMEWORK_HEADER = YES;
				CLANG_WARN_RANGE_LOOP_ANALYSIS = YES;
				CLANG_WARN_STRICT_PROTOTYPES = YES;
				CLANG_WARN_SUSPICIOUS_MOVE = YES;
				CLANG_WARN_UNGUARDED_AVAILABILITY = YES_AGGRESSIVE;
				CLANG_WARN_UNREACHABLE_CODE = YES;
				CLANG_WARN__DUPLICATE_METHOD_MATCH = YES;
				COPY_PHASE_STRIP = NO;
				DEBUG_INFORMATION_FORMAT = dwarf;
				ENABLE_STRICT_OBJC_MSGSEND = YES;
				ENABLE_TESTABILITY = YES;
				GCC_C_LANGUAGE_STANDARD = gnu11;
				GCC_DYNAMIC_NO_PIC = NO;
				GCC_NO_COMMON_BLOCKS = YES;
				GCC_OPTIMIZATION_LEVEL = 0;
				GCC_PREPROCESSOR_DEFINITIONS = (
					"DEBUG=1",
					"$(inherited)",
				);
				GCC_WARN_64_TO_32_BIT_CONVERSION = YES;
				GCC_WARN_ABOUT_RETURN_TYPE = YES_ERROR;
				GCC_WARN_UNDECLARED_SELECTOR = YES;
				GCC_WARN_UNINITIALIZED_AUTOS = YES_AGGRESSIVE;
				GCC_WARN_UNUSED_FUNCTION = YES;
				GCC_WARN_UNUSED_VARIABLE = YES;
				IPHONEOS_DEPLOYMENT_TARGET = 15.1;
				MTL_ENABLE_DEBUG_INFO = INCLUDE_SOURCE;
				MTL_FAST_MATH = YES;
				ONLY_ACTIVE_ARCH = YES;
				SDKROOT = iphoneos;
				SWIFT_ACTIVE_COMPILATION_CONDITIONS = DEBUG;
				SWIFT_OPTIMIZATION_LEVEL = "-Onone";
			};
			name = Debug;
		};
		B7D80D552822385F0056BE1B /* Release */ = {
			isa = XCBuildConfiguration;
			buildSettings = {
				ALWAYS_SEARCH_USER_PATHS = NO;
				CLANG_ANALYZER_NONNULL = YES;
				CLANG_ANALYZER_NUMBER_OBJECT_CONVERSION = YES_AGGRESSIVE;
				CLANG_CXX_LANGUAGE_STANDARD = "gnu++17";
				CLANG_ENABLE_MODULES = YES;
				CLANG_ENABLE_OBJC_ARC = YES;
				CLANG_ENABLE_OBJC_WEAK = YES;
				CLANG_WARN_BLOCK_CAPTURE_AUTORELEASING = YES;
				CLANG_WARN_BOOL_CONVERSION = YES;
				CLANG_WARN_COMMA = YES;
				CLANG_WARN_CONSTANT_CONVERSION = YES;
				CLANG_WARN_DEPRECATED_OBJC_IMPLEMENTATIONS = YES;
				CLANG_WARN_DIRECT_OBJC_ISA_USAGE = YES_ERROR;
				CLANG_WARN_DOCUMENTATION_COMMENTS = YES;
				CLANG_WARN_EMPTY_BODY = YES;
				CLANG_WARN_ENUM_CONVERSION = YES;
				CLANG_WARN_INFINITE_RECURSION = YES;
				CLANG_WARN_INT_CONVERSION = YES;
				CLANG_WARN_NON_LITERAL_NULL_CONVERSION = YES;
				CLANG_WARN_OBJC_IMPLICIT_RETAIN_SELF = YES;
				CLANG_WARN_OBJC_LITERAL_CONVERSION = YES;
				CLANG_WARN_OBJC_ROOT_CLASS = YES_ERROR;
				CLANG_WARN_QUOTED_INCLUDE_IN_FRAMEWORK_HEADER = YES;
				CLANG_WARN_RANGE_LOOP_ANALYSIS = YES;
				CLANG_WARN_STRICT_PROTOTYPES = YES;
				CLANG_WARN_SUSPICIOUS_MOVE = YES;
				CLANG_WARN_UNGUARDED_AVAILABILITY = YES_AGGRESSIVE;
				CLANG_WARN_UNREACHABLE_CODE = YES;
				CLANG_WARN__DUPLICATE_METHOD_MATCH = YES;
				COPY_PHASE_STRIP = NO;
				DEBUG_INFORMATION_FORMAT = "dwarf-with-dsym";
				ENABLE_NS_ASSERTIONS = NO;
				ENABLE_STRICT_OBJC_MSGSEND = YES;
				GCC_C_LANGUAGE_STANDARD = gnu11;
				GCC_NO_COMMON_BLOCKS = YES;
				GCC_WARN_64_TO_32_BIT_CONVERSION = YES;
				GCC_WARN_ABOUT_RETURN_TYPE = YES_ERROR;
				GCC_WARN_UNDECLARED_SELECTOR = YES;
				GCC_WARN_UNINITIALIZED_AUTOS = YES_AGGRESSIVE;
				GCC_WARN_UNUSED_FUNCTION = YES;
				GCC_WARN_UNUSED_VARIABLE = YES;
				IPHONEOS_DEPLOYMENT_TARGET = 15.1;
				MTL_ENABLE_DEBUG_INFO = NO;
				MTL_FAST_MATH = YES;
				SDKROOT = iphoneos;
				SWIFT_COMPILATION_MODE = wholemodule;
				SWIFT_OPTIMIZATION_LEVEL = "-O";
				VALIDATE_PRODUCT = YES;
			};
			name = Release;
		};
		B7D80D572822385F0056BE1B /* Debug */ = {
			isa = XCBuildConfiguration;
			buildSettings = {
				ASSETCATALOG_COMPILER_APPICON_NAME = AppIcon;
				ASSETCATALOG_COMPILER_GLOBAL_ACCENT_COLOR_NAME = AccentColor;
				CODE_SIGN_STYLE = Automatic;
				CURRENT_PROJECT_VERSION = 1;
				DEVELOPMENT_TEAM = Q26U9BYS95;
				GENERATE_INFOPLIST_FILE = YES;
				INFOPLIST_FILE = Capture/Info.plist;
				INFOPLIST_KEY_UIApplicationSupportsIndirectInputEvents = YES;
				INFOPLIST_KEY_UILaunchStoryboardName = LaunchScreen;
				INFOPLIST_KEY_UIMainStoryboardFile = Main;
				INFOPLIST_KEY_UISupportedInterfaceOrientations_iPad = "UIInterfaceOrientationPortrait UIInterfaceOrientationPortraitUpsideDown UIInterfaceOrientationLandscapeLeft UIInterfaceOrientationLandscapeRight";
				INFOPLIST_KEY_UISupportedInterfaceOrientations_iPhone = "UIInterfaceOrientationPortrait UIInterfaceOrientationLandscapeLeft UIInterfaceOrientationLandscapeRight";
				LD_RUNPATH_SEARCH_PATHS = (
					"$(inherited)",
					"@executable_path/Frameworks",
				);
				MARKETING_VERSION = 1.0;
				PRODUCT_BUNDLE_IDENTIFIER = "Imtiaz-Rahman.Capture";
				PRODUCT_NAME = "$(TARGET_NAME)";
				SWIFT_EMIT_LOC_STRINGS = YES;
				SWIFT_VERSION = 5.0;
				TARGETED_DEVICE_FAMILY = "1,2";
			};
			name = Debug;
		};
		B7D80D582822385F0056BE1B /* Release */ = {
			isa = XCBuildConfiguration;
			buildSettings = {
				ASSETCATALOG_COMPILER_APPICON_NAME = AppIcon;
				ASSETCATALOG_COMPILER_GLOBAL_ACCENT_COLOR_NAME = AccentColor;
				CODE_SIGN_STYLE = Automatic;
				CURRENT_PROJECT_VERSION = 1;
				DEVELOPMENT_TEAM = Q26U9BYS95;
				GENERATE_INFOPLIST_FILE = YES;
				INFOPLIST_FILE = Capture/Info.plist;
				INFOPLIST_KEY_UIApplicationSupportsIndirectInputEvents = YES;
				INFOPLIST_KEY_UILaunchStoryboardName = LaunchScreen;
				INFOPLIST_KEY_UIMainStoryboardFile = Main;
				INFOPLIST_KEY_UISupportedInterfaceOrientations_iPad = "UIInterfaceOrientationPortrait UIInterfaceOrientationPortraitUpsideDown UIInterfaceOrientationLandscapeLeft UIInterfaceOrientationLandscapeRight";
				INFOPLIST_KEY_UISupportedInterfaceOrientations_iPhone = "UIInterfaceOrientationPortrait UIInterfaceOrientationLandscapeLeft UIInterfaceOrientationLandscapeRight";
				LD_RUNPATH_SEARCH_PATHS = (
					"$(inherited)",
					"@executable_path/Frameworks",
				);
				MARKETING_VERSION = 1.0;
				PRODUCT_BUNDLE_IDENTIFIER = "Imtiaz-Rahman.Capture";
				PRODUCT_NAME = "$(TARGET_NAME)";
				SWIFT_EMIT_LOC_STRINGS = YES;
				SWIFT_VERSION = 5.0;
				TARGETED_DEVICE_FAMILY = "1,2";
			};
			name = Release;
		};
/* End XCBuildConfiguration section */

/* Begin XCConfigurationList section */
		B7D80D3D2822385C0056BE1B /* Build configuration list for PBXProject "Capture" */ = {
			isa = XCConfigurationList;
			buildConfigurations = (
				B7D80D542822385F0056BE1B /* Debug */,
				B7D80D552822385F0056BE1B /* Release */,
			);
			defaultConfigurationIsVisible = 0;
			defaultConfigurationName = Release;
		};
		B7D80D562822385F0056BE1B /* Build configuration list for PBXNativeTarget "Capture" */ = {
			isa = XCConfigurationList;
			buildConfigurations = (
				B7D80D572822385F0056BE1B /* Debug */,
				B7D80D582822385F0056BE1B /* Release */,
			);
			defaultConfigurationIsVisible = 0;
			defaultConfigurationName = Release;
		};
/* End XCConfigurationList section */
	};
	rootObject = B7D80D3A2822385C0056BE1B /* Project object */;
}
